
Microsoft Visual Studio Solution File, Format Version 12.00
# Visual Studio Version 17
VisualStudioVersion = 17.3.32901.215
MinimumVisualStudioVersion = 10.0.40219.1
Project("{FAE04EC0-301F-11D3-BF4B-00C04F79EFBC}") = "ApiBuildProject", "ApiBuildProject\ApiBuildProject.csproj", "{AAE6BE75-5388-4686-9825-4C7BCA881F5A}"
EndProject
Global
	GlobalSection(SolutionConfigurationPlatforms) = preSolution
		Debug|Any CPU = Debug|Any CPU
		Release|Any CPU = Release|Any CPU
	EndGlobalSection
	GlobalSection(ProjectConfigurationPlatforms) = postSolution
		{AAE6BE75-5388-4686-9825-4C7BCA881F5A}.Debug|Any CPU.ActiveCfg = Debug|Any CPU
		{AAE6BE75-5388-4686-9825-4C7BCA881F5A}.Debug|Any CPU.Build.0 = Debug|Any CPU
		{AAE6BE75-5388-4686-9825-4C7BCA881F5A}.Release|Any CPU.ActiveCfg = Release|Any CPU
		{AAE6BE75-5388-4686-9825-4C7BCA881F5A}.Release|Any CPU.Build.0 = Release|Any CPU
	EndGlobalSection
	GlobalSection(SolutionProperties) = preSolution
		HideSolutionNode = FALSE
	EndGlobalSection
	GlobalSection(ExtensibilityGlobals) = postSolution
		SolutionGuid = {7FE720FB-8E49-4BB7-8BCF-098069C58FFB}
	EndGlobalSection
EndGlobal
